
Microsoft Visual Studio Solution File, Format Version 12.00
# Visual Studio 16
Project("{8BC9CEB8-8B4A-11D0-8D11-00A0C91BC942}") = "OpenGL", "OpenGL\OpenGL.vcxproj", "{8A864AC8-7628-759E-5FE3-88F24B24FCEE}"
EndProject
Global
	GlobalSection(SolutionConfigurationPlatforms) = preSolution
		Debug|Win32 = Debug|Win32
		Release|Win32 = Release|Win32
	EndGlobalSection
	GlobalSection(ProjectConfigurationPlatforms) = postSolution
		{8A864AC8-7628-759E-5FE3-88F24B24FCEE}.Debug|Win32.ActiveCfg = Debug|Win32
		{8A864AC8-7628-759E-5FE3-88F24B24FCEE}.Debug|Win32.Build.0 = Debug|Win32
		{8A864AC8-7628-759E-5FE3-88F24B24FCEE}.Release|Win32.ActiveCfg = Release|Win32
		{8A864AC8-7628-759E-5FE3-88F24B24FCEE}.Release|Win32.Build.0 = Release|Win32
	EndGlobalSection
	GlobalSection(SolutionProperties) = preSolution
		HideSolutionNode = FALSE
	EndGlobalSection
EndGlobal
